# THIS IS AN AUTOGENERATED FILE. DO NOT EDIT THIS FILE DIRECTLY.
# yarn lockfile v1


ask-sdk-core@^2.0.2:
  version "2.0.2"
  resolved "https://registry.yarnpkg.com/ask-sdk-core/-/ask-sdk-core-2.0.2.tgz#b39e53de16f5f87b2fe3ed52a26781d43d6f331f"

ask-sdk-model@^1.0.2:
  version "1.0.2"
  resolved "https://registry.yarnpkg.com/ask-sdk-model/-/ask-sdk-model-1.0.2.tgz#c06d8b9c018187b3e22ea381fac50ad85794a476"
